
Microsoft Visual Studio Solution File, Format Version 12.00
# Visual Studio Version 17
VisualStudioVersion = 17.6.33829.357
MinimumVisualStudioVersion = 10.0.40219.1
Project("{FAE04EC0-301F-11D3-BF4B-00C04F79EFBC}") = "excel to sql", "excel to sql\excel to sql.csproj", "{1FBCDEE8-87ED-439B-BD6E-2F59097875E6}"
EndProject
Global
	GlobalSection(SolutionConfigurationPlatforms) = preSolution
		Debug|Any CPU = Debug|Any CPU
		Release|Any CPU = Release|Any CPU
	EndGlobalSection
	GlobalSection(ProjectConfigurationPlatforms) = postSolution
		{1FBCDEE8-87ED-439B-BD6E-2F59097875E6}.Debug|Any CPU.ActiveCfg = Debug|Any CPU
		{1FBCDEE8-87ED-439B-BD6E-2F59097875E6}.Debug|Any CPU.Build.0 = Debug|Any CPU
		{1FBCDEE8-87ED-439B-BD6E-2F59097875E6}.Release|Any CPU.ActiveCfg = Release|Any CPU
		{1FBCDEE8-87ED-439B-BD6E-2F59097875E6}.Release|Any CPU.Build.0 = Release|Any CPU
	EndGlobalSection
	GlobalSection(SolutionProperties) = preSolution
		HideSolutionNode = FALSE
	EndGlobalSection
	GlobalSection(ExtensibilityGlobals) = postSolution
		SolutionGuid = {5CD127FC-FECF-4974-9CAC-9124A9972C8B}
	EndGlobalSection
EndGlobal
